
Microsoft Visual Studio Solution File, Format Version 12.00
# Visual Studio Version 16
VisualStudioVersion = 16.0.31624.102
MinimumVisualStudioVersion = 10.0.40219.1
Project("{FAE04EC0-301F-11D3-BF4B-00C04F79EFBC}") = "ProjetoSQL", "ProjetoSQL\ProjetoSQL.csproj", "{D14D000E-CDCB-49E9-B7C9-F3157541DC3C}"
EndProject
Global
	GlobalSection(SolutionConfigurationPlatforms) = preSolution
		Debug|Any CPU = Debug|Any CPU
		Release|Any CPU = Release|Any CPU
	EndGlobalSection
	GlobalSection(ProjectConfigurationPlatforms) = postSolution
		{D14D000E-CDCB-49E9-B7C9-F3157541DC3C}.Debug|Any CPU.ActiveCfg = Debug|Any CPU
		{D14D000E-CDCB-49E9-B7C9-F3157541DC3C}.Debug|Any CPU.Build.0 = Debug|Any CPU
		{D14D000E-CDCB-49E9-B7C9-F3157541DC3C}.Release|Any CPU.ActiveCfg = Release|Any CPU
		{D14D000E-CDCB-49E9-B7C9-F3157541DC3C}.Release|Any CPU.Build.0 = Release|Any CPU
	EndGlobalSection
	GlobalSection(SolutionProperties) = preSolution
		HideSolutionNode = FALSE
	EndGlobalSection
	GlobalSection(ExtensibilityGlobals) = postSolution
		SolutionGuid = {6E4E5A0F-8BFD-4DC8-AC57-D2E34A5B6333}
	EndGlobalSection
EndGlobal
